// !$*UTF8*$!
{
	archiveVersion = 1;
	classes = {
	};
	objectVersion = 55;
	objects = {

/* Begin PBXBuildFile section */
		308991F95A6BE49ECFA9C6FE /* Pods_VK_App.framework in Frameworks */ = {isa = PBXBuildFile; fileRef = D9023EF2DDB61DE4034BB874 /* Pods_VK_App.framework */; };
		840B1E5F27A83E41004A1FAD /* CustomSegue.swift in Sources */ = {isa = PBXBuildFile; fileRef = 840B1E5E27A83E41004A1FAD /* CustomSegue.swift */; };
		840B1E6127AB093F004A1FAD /* Animators.swift in Sources */ = {isa = PBXBuildFile; fileRef = 840B1E6027AB093F004A1FAD /* Animators.swift */; };
		840B1E6527ABBFCE004A1FAD /* NavigationViewAnimator.swift in Sources */ = {isa = PBXBuildFile; fileRef = 840B1E6427ABBFCE004A1FAD /* NavigationViewAnimator.swift */; };
		840B1E6727ABC6A8004A1FAD /* NavigationViewBackwardAnimator.swift in Sources */ = {isa = PBXBuildFile; fileRef = 840B1E6627ABC6A8004A1FAD /* NavigationViewBackwardAnimator.swift */; };
		840B1E6927ABCA97004A1FAD /* CustomNavigationController.swift in Sources */ = {isa = PBXBuildFile; fileRef = 840B1E6827ABCA97004A1FAD /* CustomNavigationController.swift */; };
		840B1E6B27ABE997004A1FAD /* NavigationViewRotationForwardAnimator.swift in Sources */ = {isa = PBXBuildFile; fileRef = 840B1E6A27ABE997004A1FAD /* NavigationViewRotationForwardAnimator.swift */; };
		840B1E6E27ABEA83004A1FAD /* NavigationViewRotationBackwardAnimation.swift in Sources */ = {isa = PBXBuildFile; fileRef = 840B1E6D27ABEA83004A1FAD /* NavigationViewRotationBackwardAnimation.swift */; };
		840B1E7027ABF1EF004A1FAD /* CustomInteractiveTransition.swift in Sources */ = {isa = PBXBuildFile; fileRef = 840B1E6F27ABF1EF004A1FAD /* CustomInteractiveTransition.swift */; };
		84118C8D2796F7BE001DEC84 /* NewsTableViewController.swift in Sources */ = {isa = PBXBuildFile; fileRef = 84118C8C2796F7BE001DEC84 /* NewsTableViewController.swift */; };
		84118C8F2796F7F9001DEC84 /* NewsModel.swift in Sources */ = {isa = PBXBuildFile; fileRef = 84118C8E2796F7F9001DEC84 /* NewsModel.swift */; };
		84118C95279932B6001DEC84 /* NewsTableHeader.swift in Sources */ = {isa = PBXBuildFile; fileRef = 84118C94279932B6001DEC84 /* NewsTableHeader.swift */; };
		84118C97279932C9001DEC84 /* NewsTableFooter.swift in Sources */ = {isa = PBXBuildFile; fileRef = 84118C96279932C9001DEC84 /* NewsTableFooter.swift */; };
		84118C9A279932FD001DEC84 /* NewsTextTableCell.swift in Sources */ = {isa = PBXBuildFile; fileRef = 84118C98279932FD001DEC84 /* NewsTextTableCell.swift */; };
		84118C9B279932FD001DEC84 /* NewsTextTableCell.xib in Resources */ = {isa = PBXBuildFile; fileRef = 84118C99279932FD001DEC84 /* NewsTextTableCell.xib */; };
		84118C9E2799331F001DEC84 /* NewsPictureTableCell.swift in Sources */ = {isa = PBXBuildFile; fileRef = 84118C9C2799331F001DEC84 /* NewsPictureTableCell.swift */; };
		84118C9F2799331F001DEC84 /* NewsPictureTableCell.xib in Resources */ = {isa = PBXBuildFile; fileRef = 84118C9D2799331F001DEC84 /* NewsPictureTableCell.xib */; };
		84118CA4279972A9001DEC84 /* NewsTitleTableCell.swift in Sources */ = {isa = PBXBuildFile; fileRef = 84118CA2279972A9001DEC84 /* NewsTitleTableCell.swift */; };
		84118CA5279972A9001DEC84 /* NewsTitleTableCell.xib in Resources */ = {isa = PBXBuildFile; fileRef = 84118CA3279972A9001DEC84 /* NewsTitleTableCell.xib */; };
		84118CAF279E8BB9001DEC84 /* LoadingScreenVC.swift in Sources */ = {isa = PBXBuildFile; fileRef = 84118CAE279E8BB9001DEC84 /* LoadingScreenVC.swift */; };
		84118CB127A19621001DEC84 /* CurrentUserPhotoVC.swift in Sources */ = {isa = PBXBuildFile; fileRef = 84118CB027A19621001DEC84 /* CurrentUserPhotoVC.swift */; };
		842B744B27CB4BE800D8F0E2 /* RealmService.swift in Sources */ = {isa = PBXBuildFile; fileRef = 842B744A27CB4BE800D8F0E2 /* RealmService.swift */; };
		842B744F27CB4EAB00D8F0E2 /* RealmFriends.swift in Sources */ = {isa = PBXBuildFile; fileRef = 842B744E27CB4EAB00D8F0E2 /* RealmFriends.swift */; };
		842B745127CB4FF000D8F0E2 /* RealmGroups.swift in Sources */ = {isa = PBXBuildFile; fileRef = 842B745027CB4FF000D8F0E2 /* RealmGroups.swift */; };
		842B745327CB501000D8F0E2 /* RealmPhotos.swift in Sources */ = {isa = PBXBuildFile; fileRef = 842B745227CB501000D8F0E2 /* RealmPhotos.swift */; };
		842B745527CF2CAA00D8F0E2 /* VKResponse.swift in Sources */ = {isa = PBXBuildFile; fileRef = 842B745427CF2CAA00D8F0E2 /* VKResponse.swift */; };
		84478885276F3E4600D3577F /* AppDelegate.swift in Sources */ = {isa = PBXBuildFile; fileRef = 84478884276F3E4600D3577F /* AppDelegate.swift */; };
		84478887276F3E4600D3577F /* SceneDelegate.swift in Sources */ = {isa = PBXBuildFile; fileRef = 84478886276F3E4600D3577F /* SceneDelegate.swift */; };
		84478889276F3E4600D3577F /* LoginScreenViewController.swift in Sources */ = {isa = PBXBuildFile; fileRef = 84478888276F3E4600D3577F /* LoginScreenViewController.swift */; };
		8447888C276F3E4600D3577F /* Main.storyboard in Resources */ = {isa = PBXBuildFile; fileRef = 8447888A276F3E4600D3577F /* Main.storyboard */; };
		8447888E276F3E4600D3577F /* Assets.xcassets in Resources */ = {isa = PBXBuildFile; fileRef = 8447888D276F3E4600D3577F /* Assets.xcassets */; };
		84478891276F3E4600D3577F /* LaunchScreen.storyboard in Resources */ = {isa = PBXBuildFile; fileRef = 8447888F276F3E4600D3577F /* LaunchScreen.storyboard */; };
		8448D308280460CA00FD0469 /* NewsTableFooter.xib in Resources */ = {isa = PBXBuildFile; fileRef = 8448D307280460CA00FD0469 /* NewsTableFooter.xib */; };
		8448D30A2804650B00FD0469 /* NewsTableHeader.xib in Resources */ = {isa = PBXBuildFile; fileRef = 8448D3092804650B00FD0469 /* NewsTableHeader.xib */; };
		8448D30E280A9B3200FD0469 /* Operations.swift in Sources */ = {isa = PBXBuildFile; fileRef = 8448D30D280A9B3200FD0469 /* Operations.swift */; };
		847B322527B7B1F000D534B2 /* SessionSingleton.swift in Sources */ = {isa = PBXBuildFile; fileRef = 847B322427B7B1F000D534B2 /* SessionSingleton.swift */; };
		84843CCB27AF9ACC00469904 /* ManyPicturesTableCell.swift in Sources */ = {isa = PBXBuildFile; fileRef = 84843CC927AF9ACC00469904 /* ManyPicturesTableCell.swift */; };
		84843CCC27AF9ACC00469904 /* ManyPicturesTableCell.xib in Resources */ = {isa = PBXBuildFile; fileRef = 84843CCA27AF9ACC00469904 /* ManyPicturesTableCell.xib */; };
		84843CD127AF9CB200469904 /* NewsPhotoCollectionCell.swift in Sources */ = {isa = PBXBuildFile; fileRef = 84843CCF27AF9CB200469904 /* NewsPhotoCollectionCell.swift */; };
		84843CD227AF9CB200469904 /* NewsPhotoCollectionCell.xib in Resources */ = {isa = PBXBuildFile; fileRef = 84843CD027AF9CB200469904 /* NewsPhotoCollectionCell.xib */; };
		84843CD527AFA63800469904 /* CustomCollectionLayout.swift in Sources */ = {isa = PBXBuildFile; fileRef = 84843CD427AFA63800469904 /* CustomCollectionLayout.swift */; };
		84A57673277390D8004361BE /* FriendsTableViewController.swift in Sources */ = {isa = PBXBuildFile; fileRef = 84A57672277390D8004361BE /* FriendsTableViewController.swift */; };
		84A5767527739109004361BE /* PhotoCollectionViewController.swift in Sources */ = {isa = PBXBuildFile; fileRef = 84A5767427739109004361BE /* PhotoCollectionViewController.swift */; };
		84A5767727739141004361BE /* UserGroupsTableViewController.swift in Sources */ = {isa = PBXBuildFile; fileRef = 84A5767627739141004361BE /* UserGroupsTableViewController.swift */; };
		84A5767927739160004361BE /* FindGroupsTableViewController.swift in Sources */ = {isa = PBXBuildFile; fileRef = 84A576782773915F004361BE /* FindGroupsTableViewController.swift */; };
		84A5768127787785004361BE /* GroupsTableViewCell.swift in Sources */ = {isa = PBXBuildFile; fileRef = 84A5767F27787785004361BE /* GroupsTableViewCell.swift */; };
		84A5768227787785004361BE /* GroupsTableViewCell.xib in Resources */ = {isa = PBXBuildFile; fileRef = 84A5768027787785004361BE /* GroupsTableViewCell.xib */; };
		84A5768427787C42004361BE /* UserModel.swift in Sources */ = {isa = PBXBuildFile; fileRef = 84A5768327787C42004361BE /* UserModel.swift */; };
		84A5768627787C9E004361BE /* GroupModel.swift in Sources */ = {isa = PBXBuildFile; fileRef = 84A5768527787C9E004361BE /* GroupModel.swift */; };
		84A576892778A8BC004361BE /* UserPhotoCollectionViewCell.swift in Sources */ = {isa = PBXBuildFile; fileRef = 84A576872778A8BC004361BE /* UserPhotoCollectionViewCell.swift */; };
		84A5768A2778A8BC004361BE /* UserPhotoCollectionViewCell.xib in Resources */ = {isa = PBXBuildFile; fileRef = 84A576882778A8BC004361BE /* UserPhotoCollectionViewCell.xib */; };
		84A5768D2778A8E3004361BE /* UserTableViewCell.swift in Sources */ = {isa = PBXBuildFile; fileRef = 84A5768B2778A8E3004361BE /* UserTableViewCell.swift */; };
		84A5768E2778A8E3004361BE /* UserTableViewCell.xib in Resources */ = {isa = PBXBuildFile; fileRef = 84A5768C2778A8E3004361BE /* UserTableViewCell.xib */; };
		84AFB39228008CD9006D3D54 /* NewsResponse.swift in Sources */ = {isa = PBXBuildFile; fileRef = 84AFB39128008CD9006D3D54 /* NewsResponse.swift */; };
		84AFB39528008D24006D3D54 /* NewsItems.swift in Sources */ = {isa = PBXBuildFile; fileRef = 84AFB39428008D24006D3D54 /* NewsItems.swift */; };
		84AFB39728008D2E006D3D54 /* NewsData.swift in Sources */ = {isa = PBXBuildFile; fileRef = 84AFB39628008D2E006D3D54 /* NewsData.swift */; };
		84AFB39928008ECE006D3D54 /* NewsComments.swift in Sources */ = {isa = PBXBuildFile; fileRef = 84AFB39828008ECE006D3D54 /* NewsComments.swift */; };
		84AFB39B28008FE5006D3D54 /* NewsLikes.swift in Sources */ = {isa = PBXBuildFile; fileRef = 84AFB39A28008FE5006D3D54 /* NewsLikes.swift */; };
		84AFB39D2800907A006D3D54 /* NewsReposts.swift in Sources */ = {isa = PBXBuildFile; fileRef = 84AFB39C2800907A006D3D54 /* NewsReposts.swift */; };
		84AFB39F28009184006D3D54 /* NewsPhotos.swift in Sources */ = {isa = PBXBuildFile; fileRef = 84AFB39E28009184006D3D54 /* NewsPhotos.swift */; };
		84AFB3A32801B7BE006D3D54 /* NewsAttachments.swift in Sources */ = {isa = PBXBuildFile; fileRef = 84AFB3A22801B7BE006D3D54 /* NewsAttachments.swift */; };
		84AFB3A52801B978006D3D54 /* NewsLink.swift in Sources */ = {isa = PBXBuildFile; fileRef = 84AFB3A42801B978006D3D54 /* NewsLink.swift */; };
		84DBCE5127C135BD0085D92C /* FriendData.swift in Sources */ = {isa = PBXBuildFile; fileRef = 84DBCE5027C135BD0085D92C /* FriendData.swift */; };
		84DBCE5327C13B4B0085D92C /* FriendResponse.swift in Sources */ = {isa = PBXBuildFile; fileRef = 84DBCE5227C13B4B0085D92C /* FriendResponse.swift */; };
		84DBCE5527C13E9D0085D92C /* GroupResponse.swift in Sources */ = {isa = PBXBuildFile; fileRef = 84DBCE5427C13E9D0085D92C /* GroupResponse.swift */; };
		84DBCE5827C1412C0085D92C /* PhotoResponse.swift in Sources */ = {isa = PBXBuildFile; fileRef = 84DBCE5727C1412C0085D92C /* PhotoResponse.swift */; };
		84DBCE5A27C142280085D92C /* PhotoData.swift in Sources */ = {isa = PBXBuildFile; fileRef = 84DBCE5927C142280085D92C /* PhotoData.swift */; };
		84DBCE5C27C143B50085D92C /* PhotoSize.swift in Sources */ = {isa = PBXBuildFile; fileRef = 84DBCE5B27C143B50085D92C /* PhotoSize.swift */; };
		84DBCE5E27C259DD0085D92C /* FriendItems.swift in Sources */ = {isa = PBXBuildFile; fileRef = 84DBCE5D27C259DD0085D92C /* FriendItems.swift */; };
		84DBCE6027C261810085D92C /* GroupItems.swift in Sources */ = {isa = PBXBuildFile; fileRef = 84DBCE5F27C261810085D92C /* GroupItems.swift */; };
		84DBCE6227C3D1160085D92C /* GroupData.swift in Sources */ = {isa = PBXBuildFile; fileRef = 84DBCE6127C3D1160085D92C /* GroupData.swift */; };
		84DBCE6427C417250085D92C /* PhotoItems.swift in Sources */ = {isa = PBXBuildFile; fileRef = 84DBCE6327C417250085D92C /* PhotoItems.swift */; };
		84E38B3027BCDA2D00877E42 /* VKLoginVC.swift in Sources */ = {isa = PBXBuildFile; fileRef = 84E38B2F27BCDA2D00877E42 /* VKLoginVC.swift */; };
		84E38B3327BEC5FC00877E42 /* NetworkService.swift in Sources */ = {isa = PBXBuildFile; fileRef = 84E38B3227BEC5FC00877E42 /* NetworkService.swift */; };
/* End PBXBuildFile section */

/* Begin PBXFileReference section */
		2087F9D7B518204DC7F6888D /* Pods-VK_App.release.xcconfig */ = {isa = PBXFileReference; includeInIndex = 1; lastKnownFileType = text.xcconfig; name = "Pods-VK_App.release.xcconfig"; path = "Target Support Files/Pods-VK_App/Pods-VK_App.release.xcconfig"; sourceTree = "<group>"; };
		840B1E5E27A83E41004A1FAD /* CustomSegue.swift */ = {isa = PBXFileReference; lastKnownFileType = sourcecode.swift; path = CustomSegue.swift; sourceTree = "<group>"; };
		840B1E6027AB093F004A1FAD /* Animators.swift */ = {isa = PBXFileReference; lastKnownFileType = sourcecode.swift; path = Animators.swift; sourceTree = "<group>"; };
		840B1E6427ABBFCE004A1FAD /* NavigationViewAnimator.swift */ = {isa = PBXFileReference; lastKnownFileType = sourcecode.swift; path = NavigationViewAnimator.swift; sourceTree = "<group>"; };
		840B1E6627ABC6A8004A1FAD /* NavigationViewBackwardAnimator.swift */ = {isa = PBXFileReference; lastKnownFileType = sourcecode.swift; path = NavigationViewBackwardAnimator.swift; sourceTree = "<group>"; };
		840B1E6827ABCA97004A1FAD /* CustomNavigationController.swift */ = {isa = PBXFileReference; lastKnownFileType = sourcecode.swift; path = CustomNavigationController.swift; sourceTree = "<group>"; };
		840B1E6A27ABE997004A1FAD /* NavigationViewRotationForwardAnimator.swift */ = {isa = PBXFileReference; lastKnownFileType = sourcecode.swift; path = NavigationViewRotationForwardAnimator.swift; sourceTree = "<group>"; };
		840B1E6D27ABEA83004A1FAD /* NavigationViewRotationBackwardAnimation.swift */ = {isa = PBXFileReference; lastKnownFileType = sourcecode.swift; path = NavigationViewRotationBackwardAnimation.swift; sourceTree = "<group>"; };
		840B1E6F27ABF1EF004A1FAD /* CustomInteractiveTransition.swift */ = {isa = PBXFileReference; lastKnownFileType = sourcecode.swift; path = CustomInteractiveTransition.swift; sourceTree = "<group>"; };
		84118C8C2796F7BE001DEC84 /* NewsTableViewController.swift */ = {isa = PBXFileReference; lastKnownFileType = sourcecode.swift; path = NewsTableViewController.swift; sourceTree = "<group>"; };
		84118C8E2796F7F9001DEC84 /* NewsModel.swift */ = {isa = PBXFileReference; lastKnownFileType = sourcecode.swift; path = NewsModel.swift; sourceTree = "<group>"; };
		84118C94279932B6001DEC84 /* NewsTableHeader.swift */ = {isa = PBXFileReference; lastKnownFileType = sourcecode.swift; path = NewsTableHeader.swift; sourceTree = "<group>"; };
		84118C96279932C9001DEC84 /* NewsTableFooter.swift */ = {isa = PBXFileReference; lastKnownFileType = sourcecode.swift; path = NewsTableFooter.swift; sourceTree = "<group>"; };
		84118C98279932FD001DEC84 /* NewsTextTableCell.swift */ = {isa = PBXFileReference; lastKnownFileType = sourcecode.swift; path = NewsTextTableCell.swift; sourceTree = "<group>"; };
		84118C99279932FD001DEC84 /* NewsTextTableCell.xib */ = {isa = PBXFileReference; lastKnownFileType = file.xib; path = NewsTextTableCell.xib; sourceTree = "<group>"; };
		84118C9C2799331F001DEC84 /* NewsPictureTableCell.swift */ = {isa = PBXFileReference; lastKnownFileType = sourcecode.swift; path = NewsPictureTableCell.swift; sourceTree = "<group>"; };
		84118C9D2799331F001DEC84 /* NewsPictureTableCell.xib */ = {isa = PBXFileReference; lastKnownFileType = file.xib; path = NewsPictureTableCell.xib; sourceTree = "<group>"; };
		84118CA2279972A9001DEC84 /* NewsTitleTableCell.swift */ = {isa = PBXFileReference; lastKnownFileType = sourcecode.swift; path = NewsTitleTableCell.swift; sourceTree = "<group>"; };
		84118CA3279972A9001DEC84 /* NewsTitleTableCell.xib */ = {isa = PBXFileReference; lastKnownFileType = file.xib; path = NewsTitleTableCell.xib; sourceTree = "<group>"; };
		84118CAE279E8BB9001DEC84 /* LoadingScreenVC.swift */ = {isa = PBXFileReference; lastKnownFileType = sourcecode.swift; path = LoadingScreenVC.swift; sourceTree = "<group>"; };
		84118CB027A19621001DEC84 /* CurrentUserPhotoVC.swift */ = {isa = PBXFileReference; lastKnownFileType = sourcecode.swift; path = CurrentUserPhotoVC.swift; sourceTree = "<group>"; };
		842B744A27CB4BE800D8F0E2 /* RealmService.swift */ = {isa = PBXFileReference; lastKnownFileType = sourcecode.swift; path = RealmService.swift; sourceTree = "<group>"; };
		842B744E27CB4EAB00D8F0E2 /* RealmFriends.swift */ = {isa = PBXFileReference; lastKnownFileType = sourcecode.swift; path = RealmFriends.swift; sourceTree = "<group>"; };
		842B745027CB4FF000D8F0E2 /* RealmGroups.swift */ = {isa = PBXFileReference; lastKnownFileType = sourcecode.swift; path = RealmGroups.swift; sourceTree = "<group>"; };
		842B745227CB501000D8F0E2 /* RealmPhotos.swift */ = {isa = PBXFileReference; lastKnownFileType = sourcecode.swift; path = RealmPhotos.swift; sourceTree = "<group>"; };
		842B745427CF2CAA00D8F0E2 /* VKResponse.swift */ = {isa = PBXFileReference; lastKnownFileType = sourcecode.swift; path = VKResponse.swift; sourceTree = "<group>"; };
		84478881276F3E4600D3577F /* VK_App.app */ = {isa = PBXFileReference; explicitFileType = wrapper.application; includeInIndex = 0; path = VK_App.app; sourceTree = BUILT_PRODUCTS_DIR; };
		84478884276F3E4600D3577F /* AppDelegate.swift */ = {isa = PBXFileReference; lastKnownFileType = sourcecode.swift; path = AppDelegate.swift; sourceTree = "<group>"; };
		84478886276F3E4600D3577F /* SceneDelegate.swift */ = {isa = PBXFileReference; lastKnownFileType = sourcecode.swift; path = SceneDelegate.swift; sourceTree = "<group>"; };
		84478888276F3E4600D3577F /* LoginScreenViewController.swift */ = {isa = PBXFileReference; lastKnownFileType = sourcecode.swift; path = LoginScreenViewController.swift; sourceTree = "<group>"; };
		8447888B276F3E4600D3577F /* Base */ = {isa = PBXFileReference; lastKnownFileType = file.storyboard; name = Base; path = Base.lproj/Main.storyboard; sourceTree = "<group>"; };
		8447888D276F3E4600D3577F /* Assets.xcassets */ = {isa = PBXFileReference; lastKnownFileType = folder.assetcatalog; path = Assets.xcassets; sourceTree = "<group>"; };
		84478890276F3E4600D3577F /* Base */ = {isa = PBXFileReference; lastKnownFileType = file.storyboard; name = Base; path = Base.lproj/LaunchScreen.storyboard; sourceTree = "<group>"; };
		84478892276F3E4600D3577F /* Info.plist */ = {isa = PBXFileReference; lastKnownFileType = text.plist.xml; path = Info.plist; sourceTree = "<group>"; };
		8448D307280460CA00FD0469 /* NewsTableFooter.xib */ = {isa = PBXFileReference; lastKnownFileType = file.xib; path = NewsTableFooter.xib; sourceTree = "<group>"; };
		8448D3092804650B00FD0469 /* NewsTableHeader.xib */ = {isa = PBXFileReference; lastKnownFileType = file.xib; path = NewsTableHeader.xib; sourceTree = "<group>"; };
		8448D30D280A9B3200FD0469 /* Operations.swift */ = {isa = PBXFileReference; lastKnownFileType = sourcecode.swift; path = Operations.swift; sourceTree = "<group>"; };
		847B322427B7B1F000D534B2 /* SessionSingleton.swift */ = {isa = PBXFileReference; lastKnownFileType = sourcecode.swift; path = SessionSingleton.swift; sourceTree = "<group>"; };
		84843CC927AF9ACC00469904 /* ManyPicturesTableCell.swift */ = {isa = PBXFileReference; lastKnownFileType = sourcecode.swift; path = ManyPicturesTableCell.swift; sourceTree = "<group>"; };
		84843CCA27AF9ACC00469904 /* ManyPicturesTableCell.xib */ = {isa = PBXFileReference; lastKnownFileType = file.xib; path = ManyPicturesTableCell.xib; sourceTree = "<group>"; };
		84843CCF27AF9CB200469904 /* NewsPhotoCollectionCell.swift */ = {isa = PBXFileReference; lastKnownFileType = sourcecode.swift; path = NewsPhotoCollectionCell.swift; sourceTree = "<group>"; };
		84843CD027AF9CB200469904 /* NewsPhotoCollectionCell.xib */ = {isa = PBXFileReference; lastKnownFileType = file.xib; path = NewsPhotoCollectionCell.xib; sourceTree = "<group>"; };
		84843CD427AFA63800469904 /* CustomCollectionLayout.swift */ = {isa = PBXFileReference; lastKnownFileType = sourcecode.swift; path = CustomCollectionLayout.swift; sourceTree = "<group>"; };
		84A57672277390D8004361BE /* FriendsTableViewController.swift */ = {isa = PBXFileReference; lastKnownFileType = sourcecode.swift; path = FriendsTableViewController.swift; sourceTree = "<group>"; };
		84A5767427739109004361BE /* PhotoCollectionViewController.swift */ = {isa = PBXFileReference; lastKnownFileType = sourcecode.swift; path = PhotoCollectionViewController.swift; sourceTree = "<group>"; };
		84A5767627739141004361BE /* UserGroupsTableViewController.swift */ = {isa = PBXFileReference; lastKnownFileType = sourcecode.swift; path = UserGroupsTableViewController.swift; sourceTree = "<group>"; };
		84A576782773915F004361BE /* FindGroupsTableViewController.swift */ = {isa = PBXFileReference; lastKnownFileType = sourcecode.swift; path = FindGroupsTableViewController.swift; sourceTree = "<group>"; };
		84A5767F27787785004361BE /* GroupsTableViewCell.swift */ = {isa = PBXFileReference; lastKnownFileType = sourcecode.swift; path = GroupsTableViewCell.swift; sourceTree = "<group>"; };
		84A5768027787785004361BE /* GroupsTableViewCell.xib */ = {isa = PBXFileReference; lastKnownFileType = file.xib; path = GroupsTableViewCell.xib; sourceTree = "<group>"; };
		84A5768327787C42004361BE /* UserModel.swift */ = {isa = PBXFileReference; lastKnownFileType = sourcecode.swift; path = UserModel.swift; sourceTree = "<group>"; };
		84A5768527787C9E004361BE /* GroupModel.swift */ = {isa = PBXFileReference; lastKnownFileType = sourcecode.swift; path = GroupModel.swift; sourceTree = "<group>"; };
		84A576872778A8BC004361BE /* UserPhotoCollectionViewCell.swift */ = {isa = PBXFileReference; lastKnownFileType = sourcecode.swift; name = UserPhotoCollectionViewCell.swift; path = VK_App/View/ReusableCells/CollectionCells/UserPhotoCollectionViewCell.swift; sourceTree = SOURCE_ROOT; };
		84A576882778A8BC004361BE /* UserPhotoCollectionViewCell.xib */ = {isa = PBXFileReference; lastKnownFileType = file.xib; name = UserPhotoCollectionViewCell.xib; path = VK_App/View/ReusableCells/CollectionCells/UserPhotoCollectionViewCell.xib; sourceTree = SOURCE_ROOT; };
		84A5768B2778A8E3004361BE /* UserTableViewCell.swift */ = {isa = PBXFileReference; lastKnownFileType = sourcecode.swift; path = UserTableViewCell.swift; sourceTree = "<group>"; };
		84A5768C2778A8E3004361BE /* UserTableViewCell.xib */ = {isa = PBXFileReference; lastKnownFileType = file.xib; path = UserTableViewCell.xib; sourceTree = "<group>"; };
		84AFB39128008CD9006D3D54 /* NewsResponse.swift */ = {isa = PBXFileReference; lastKnownFileType = sourcecode.swift; path = NewsResponse.swift; sourceTree = "<group>"; };
		84AFB39428008D24006D3D54 /* NewsItems.swift */ = {isa = PBXFileReference; lastKnownFileType = sourcecode.swift; path = NewsItems.swift; sourceTree = "<group>"; };
		84AFB39628008D2E006D3D54 /* NewsData.swift */ = {isa = PBXFileReference; lastKnownFileType = sourcecode.swift; path = NewsData.swift; sourceTree = "<group>"; };
		84AFB39828008ECE006D3D54 /* NewsComments.swift */ = {isa = PBXFileReference; lastKnownFileType = sourcecode.swift; path = NewsComments.swift; sourceTree = "<group>"; };
		84AFB39A28008FE5006D3D54 /* NewsLikes.swift */ = {isa = PBXFileReference; lastKnownFileType = sourcecode.swift; path = NewsLikes.swift; sourceTree = "<group>"; };
		84AFB39C2800907A006D3D54 /* NewsReposts.swift */ = {isa = PBXFileReference; lastKnownFileType = sourcecode.swift; path = NewsReposts.swift; sourceTree = "<group>"; };
		84AFB39E28009184006D3D54 /* NewsPhotos.swift */ = {isa = PBXFileReference; lastKnownFileType = sourcecode.swift; path = NewsPhotos.swift; sourceTree = "<group>"; };
		84AFB3A22801B7BE006D3D54 /* NewsAttachments.swift */ = {isa = PBXFileReference; lastKnownFileType = sourcecode.swift; path = NewsAttachments.swift; sourceTree = "<group>"; };
		84AFB3A42801B978006D3D54 /* NewsLink.swift */ = {isa = PBXFileReference; lastKnownFileType = sourcecode.swift; path = NewsLink.swift; sourceTree = "<group>"; };
		84DBCE5027C135BD0085D92C /* FriendData.swift */ = {isa = PBXFileReference; lastKnownFileType = sourcecode.swift; path = FriendData.swift; sourceTree = "<group>"; };
		84DBCE5227C13B4B0085D92C /* FriendResponse.swift */ = {isa = PBXFileReference; lastKnownFileType = sourcecode.swift; path = FriendResponse.swift; sourceTree = "<group>"; };
		84DBCE5427C13E9D0085D92C /* GroupResponse.swift */ = {isa = PBXFileReference; lastKnownFileType = sourcecode.swift; path = GroupResponse.swift; sourceTree = "<group>"; };
		84DBCE5727C1412C0085D92C /* PhotoResponse.swift */ = {isa = PBXFileReference; lastKnownFileType = sourcecode.swift; path = PhotoResponse.swift; sourceTree = "<group>"; };
		84DBCE5927C142280085D92C /* PhotoData.swift */ = {isa = PBXFileReference; lastKnownFileType = sourcecode.swift; path = PhotoData.swift; sourceTree = "<group>"; };
		84DBCE5B27C143B50085D92C /* PhotoSize.swift */ = {isa = PBXFileReference; lastKnownFileType = sourcecode.swift; path = PhotoSize.swift; sourceTree = "<group>"; };
		84DBCE5D27C259DD0085D92C /* FriendItems.swift */ = {isa = PBXFileReference; lastKnownFileType = sourcecode.swift; path = FriendItems.swift; sourceTree = "<group>"; };
		84DBCE5F27C261810085D92C /* GroupItems.swift */ = {isa = PBXFileReference; lastKnownFileType = sourcecode.swift; path = GroupItems.swift; sourceTree = "<group>"; };
		84DBCE6127C3D1160085D92C /* GroupData.swift */ = {isa = PBXFileReference; lastKnownFileType = sourcecode.swift; path = GroupData.swift; sourceTree = "<group>"; };
		84DBCE6327C417250085D92C /* PhotoItems.swift */ = {isa = PBXFileReference; lastKnownFileType = sourcecode.swift; path = PhotoItems.swift; sourceTree = "<group>"; };
		84E38B2F27BCDA2D00877E42 /* VKLoginVC.swift */ = {isa = PBXFileReference; lastKnownFileType = sourcecode.swift; path = VKLoginVC.swift; sourceTree = "<group>"; };
		84E38B3227BEC5FC00877E42 /* NetworkService.swift */ = {isa = PBXFileReference; lastKnownFileType = sourcecode.swift; path = NetworkService.swift; sourceTree = "<group>"; };
		B5702C7BDE29B66B8E5D528D /* Pods-VK_App.debug.xcconfig */ = {isa = PBXFileReference; includeInIndex = 1; lastKnownFileType = text.xcconfig; name = "Pods-VK_App.debug.xcconfig"; path = "Target Support Files/Pods-VK_App/Pods-VK_App.debug.xcconfig"; sourceTree = "<group>"; };
		D9023EF2DDB61DE4034BB874 /* Pods_VK_App.framework */ = {isa = PBXFileReference; explicitFileType = wrapper.framework; includeInIndex = 0; path = Pods_VK_App.framework; sourceTree = BUILT_PRODUCTS_DIR; };
/* End PBXFileReference section */

/* Begin PBXFrameworksBuildPhase section */
		8447887E276F3E4600D3577F /* Frameworks */ = {
			isa = PBXFrameworksBuildPhase;
			buildActionMask = 2147483647;
			files = (
				308991F95A6BE49ECFA9C6FE /* Pods_VK_App.framework in Frameworks */,
			);
			runOnlyForDeploymentPostprocessing = 0;
		};
/* End PBXFrameworksBuildPhase section */

/* Begin PBXGroup section */
		1B00D2DEBA241B6079851EA1 /* Pods */ = {
			isa = PBXGroup;
			children = (
				B5702C7BDE29B66B8E5D528D /* Pods-VK_App.debug.xcconfig */,
				2087F9D7B518204DC7F6888D /* Pods-VK_App.release.xcconfig */,
			);
			path = Pods;
			sourceTree = "<group>";
		};
		840B1E5D27A83E25004A1FAD /* Helpers */ = {
			isa = PBXGroup;
			children = (
				840B1E5E27A83E41004A1FAD /* CustomSegue.swift */,
				840B1E6F27ABF1EF004A1FAD /* CustomInteractiveTransition.swift */,
			);
			path = Helpers;
			sourceTree = "<group>";
		};
		840B1E6C27ABEA53004A1FAD /* Animators */ = {
			isa = PBXGroup;
			children = (
				840B1E6027AB093F004A1FAD /* Animators.swift */,
				840B1E6427ABBFCE004A1FAD /* NavigationViewAnimator.swift */,
				840B1E6627ABC6A8004A1FAD /* NavigationViewBackwardAnimator.swift */,
				840B1E6A27ABE997004A1FAD /* NavigationViewRotationForwardAnimator.swift */,
				840B1E6D27ABEA83004A1FAD /* NavigationViewRotationBackwardAnimation.swift */,
			);
			path = Animators;
			sourceTree = "<group>";
		};
		840C690A277D963900DE0B6E /* CustomViews */ = {
			isa = PBXGroup;
			children = (
			);
			path = CustomViews;
			sourceTree = "<group>";
		};
		84118C902796FB9E001DEC84 /* NewsCells */ = {
			isa = PBXGroup;
			children = (
				84118C912796FBAA001DEC84 /* Headers */,
				84118C932796FBC2001DEC84 /* Cells */,
				84118C922796FBB9001DEC84 /* Footers */,
			);
			path = NewsCells;
			sourceTree = "<group>";
		};
		84118C912796FBAA001DEC84 /* Headers */ = {
			isa = PBXGroup;
			children = (
				84118C94279932B6001DEC84 /* NewsTableHeader.swift */,
				8448D3092804650B00FD0469 /* NewsTableHeader.xib */,
			);
			path = Headers;
			sourceTree = "<group>";
		};
		84118C922796FBB9001DEC84 /* Footers */ = {
			isa = PBXGroup;
			children = (
				84118C96279932C9001DEC84 /* NewsTableFooter.swift */,
				8448D307280460CA00FD0469 /* NewsTableFooter.xib */,
			);
			path = Footers;
			sourceTree = "<group>";
		};
		84118C932796FBC2001DEC84 /* Cells */ = {
			isa = PBXGroup;
			children = (
				84118CA2279972A9001DEC84 /* NewsTitleTableCell.swift */,
				84118CA3279972A9001DEC84 /* NewsTitleTableCell.xib */,
				84118C98279932FD001DEC84 /* NewsTextTableCell.swift */,
				84118C99279932FD001DEC84 /* NewsTextTableCell.xib */,
				84118C9C2799331F001DEC84 /* NewsPictureTableCell.swift */,
				84118C9D2799331F001DEC84 /* NewsPictureTableCell.xib */,
				84843CC927AF9ACC00469904 /* ManyPicturesTableCell.swift */,
				84843CCA27AF9ACC00469904 /* ManyPicturesTableCell.xib */,
			);
			path = Cells;
			sourceTree = "<group>";
		};
		842B744C27CB4E8900D8F0E2 /* Realm */ = {
			isa = PBXGroup;
			children = (
				842B744E27CB4EAB00D8F0E2 /* RealmFriends.swift */,
				842B745027CB4FF000D8F0E2 /* RealmGroups.swift */,
				842B745227CB501000D8F0E2 /* RealmPhotos.swift */,
			);
			path = Realm;
			sourceTree = "<group>";
		};
		84478878276F3E4600D3577F = {
			isa = PBXGroup;
			children = (
				84478883276F3E4600D3577F /* VK_App */,
				84478882276F3E4600D3577F /* Products */,
				1B00D2DEBA241B6079851EA1 /* Pods */,
				F97CE1DB0BD62128EB5F99DD /* Frameworks */,
			);
			sourceTree = "<group>";
		};
		84478882276F3E4600D3577F /* Products */ = {
			isa = PBXGroup;
			children = (
				84478881276F3E4600D3577F /* VK_App.app */,
			);
			name = Products;
			sourceTree = "<group>";
		};
		84478883276F3E4600D3577F /* VK_App */ = {
			isa = PBXGroup;
			children = (
				84DBCE4C27C1355F0085D92C /* JSON Mapping */,
				84E38B3127BEC5E800877E42 /* Service */,
				840B1E6C27ABEA53004A1FAD /* Animators */,
				840B1E5D27A83E25004A1FAD /* Helpers */,
				84A5767E27787736004361BE /* Models */,
				8447889A276F3EE600D3577F /* Controllers */,
				84478899276F3EB500D3577F /* View */,
				84478898276F3EAD00D3577F /* Source */,
				8447888D276F3E4600D3577F /* Assets.xcassets */,
				84478892276F3E4600D3577F /* Info.plist */,
			);
			path = VK_App;
			sourceTree = "<group>";
		};
		84478898276F3EAD00D3577F /* Source */ = {
			isa = PBXGroup;
			children = (
				84478884276F3E4600D3577F /* AppDelegate.swift */,
				84478886276F3E4600D3577F /* SceneDelegate.swift */,
			);
			path = Source;
			sourceTree = "<group>";
		};
		84478899276F3EB500D3577F /* View */ = {
			isa = PBXGroup;
			children = (
				84A5767B2778770E004361BE /* ReusableCells */,
				84843CD327AFA61000469904 /* CustomCollectionLayouts */,
				840C690A277D963900DE0B6E /* CustomViews */,
				8447888A276F3E4600D3577F /* Main.storyboard */,
				8447888F276F3E4600D3577F /* LaunchScreen.storyboard */,
			);
			path = View;
			sourceTree = "<group>";
		};
		8447889A276F3EE600D3577F /* Controllers */ = {
			isa = PBXGroup;
			children = (
				84118CAE279E8BB9001DEC84 /* LoadingScreenVC.swift */,
				84478888276F3E4600D3577F /* LoginScreenViewController.swift */,
				84A57672277390D8004361BE /* FriendsTableViewController.swift */,
				84A5767427739109004361BE /* PhotoCollectionViewController.swift */,
				84A5767627739141004361BE /* UserGroupsTableViewController.swift */,
				84A576782773915F004361BE /* FindGroupsTableViewController.swift */,
				84118C8C2796F7BE001DEC84 /* NewsTableViewController.swift */,
				84118CB027A19621001DEC84 /* CurrentUserPhotoVC.swift */,
				840B1E6827ABCA97004A1FAD /* CustomNavigationController.swift */,
				84E38B2F27BCDA2D00877E42 /* VKLoginVC.swift */,
			);
			path = Controllers;
			sourceTree = "<group>";
		};
		84843CD327AFA61000469904 /* CustomCollectionLayouts */ = {
			isa = PBXGroup;
			children = (
				84843CD427AFA63800469904 /* CustomCollectionLayout.swift */,
			);
			path = CustomCollectionLayouts;
			sourceTree = "<group>";
		};
		84A5767B2778770E004361BE /* ReusableCells */ = {
			isa = PBXGroup;
			children = (
				84A5767D27787727004361BE /* CollectionCells */,
				84118C902796FB9E001DEC84 /* NewsCells */,
				84A5767C2778771D004361BE /* TableCells */,
			);
			path = ReusableCells;
			sourceTree = "<group>";
		};
		84A5767C2778771D004361BE /* TableCells */ = {
			isa = PBXGroup;
			children = (
				84A5767F27787785004361BE /* GroupsTableViewCell.swift */,
				84A5768027787785004361BE /* GroupsTableViewCell.xib */,
				84A5768B2778A8E3004361BE /* UserTableViewCell.swift */,
				84A5768C2778A8E3004361BE /* UserTableViewCell.xib */,
			);
			path = TableCells;
			sourceTree = "<group>";
		};
		84A5767D27787727004361BE /* CollectionCells */ = {
			isa = PBXGroup;
			children = (
				84A576872778A8BC004361BE /* UserPhotoCollectionViewCell.swift */,
				84A576882778A8BC004361BE /* UserPhotoCollectionViewCell.xib */,
				84843CCF27AF9CB200469904 /* NewsPhotoCollectionCell.swift */,
				84843CD027AF9CB200469904 /* NewsPhotoCollectionCell.xib */,
			);
			path = CollectionCells;
			sourceTree = "<group>";
		};
		84A5767E27787736004361BE /* Models */ = {
			isa = PBXGroup;
			children = (
				842B744C27CB4E8900D8F0E2 /* Realm */,
				84A5768327787C42004361BE /* UserModel.swift */,
				84A5768527787C9E004361BE /* GroupModel.swift */,
				84118C8E2796F7F9001DEC84 /* NewsModel.swift */,
				847B322427B7B1F000D534B2 /* SessionSingleton.swift */,
			);
			path = Models;
			sourceTree = "<group>";
		};
		84DBCE4C27C1355F0085D92C /* JSON Mapping */ = {
			isa = PBXGroup;
			children = (
				84DBCE5227C13B4B0085D92C /* FriendResponse.swift */,
				84DBCE5D27C259DD0085D92C /* FriendItems.swift */,
				84DBCE5027C135BD0085D92C /* FriendData.swift */,
				84DBCE5427C13E9D0085D92C /* GroupResponse.swift */,
				84DBCE5F27C261810085D92C /* GroupItems.swift */,
				84DBCE6127C3D1160085D92C /* GroupData.swift */,
				84DBCE5727C1412C0085D92C /* PhotoResponse.swift */,
				84DBCE6327C417250085D92C /* PhotoItems.swift */,
				84DBCE5927C142280085D92C /* PhotoData.swift */,
				84DBCE5B27C143B50085D92C /* PhotoSize.swift */,
				842B745427CF2CAA00D8F0E2 /* VKResponse.swift */,
				84AFB39128008CD9006D3D54 /* NewsResponse.swift */,
				84AFB39428008D24006D3D54 /* NewsItems.swift */,
				84AFB39628008D2E006D3D54 /* NewsData.swift */,
				84AFB39828008ECE006D3D54 /* NewsComments.swift */,
				84AFB39A28008FE5006D3D54 /* NewsLikes.swift */,
				84AFB39C2800907A006D3D54 /* NewsReposts.swift */,
				84AFB39E28009184006D3D54 /* NewsPhotos.swift */,
				84AFB3A22801B7BE006D3D54 /* NewsAttachments.swift */,
				84AFB3A42801B978006D3D54 /* NewsLink.swift */,
			);
			path = "JSON Mapping";
			sourceTree = "<group>";
		};
		84E38B3127BEC5E800877E42 /* Service */ = {
			isa = PBXGroup;
			children = (
				84E38B3227BEC5FC00877E42 /* NetworkService.swift */,
				842B744A27CB4BE800D8F0E2 /* RealmService.swift */,
				8448D30D280A9B3200FD0469 /* Operations.swift */,
			);
			path = Service;
			sourceTree = "<group>";
		};
		F97CE1DB0BD62128EB5F99DD /* Frameworks */ = {
			isa = PBXGroup;
			children = (
				D9023EF2DDB61DE4034BB874 /* Pods_VK_App.framework */,
			);
			name = Frameworks;
			sourceTree = "<group>";
		};
/* End PBXGroup section */

/* Begin PBXNativeTarget section */
		84478880276F3E4600D3577F /* VK_App */ = {
			isa = PBXNativeTarget;
			buildConfigurationList = 84478895276F3E4600D3577F /* Build configuration list for PBXNativeTarget "VK_App" */;
			buildPhases = (
				B5951EA0D9E68E8E01F3BB2F /* [CP] Check Pods Manifest.lock */,
				8447887D276F3E4600D3577F /* Sources */,
				8447887E276F3E4600D3577F /* Frameworks */,
				8447887F276F3E4600D3577F /* Resources */,
				2775EA166E314789D46805F5 /* [CP] Embed Pods Frameworks */,
			);
			buildRules = (
			);
			dependencies = (
			);
			name = VK_App;
			productName = VK_App;
			productReference = 84478881276F3E4600D3577F /* VK_App.app */;
			productType = "com.apple.product-type.application";
		};
/* End PBXNativeTarget section */

/* Begin PBXProject section */
		84478879276F3E4600D3577F /* Project object */ = {
			isa = PBXProject;
			attributes = {
				BuildIndependentTargetsInParallel = 1;
				LastSwiftUpdateCheck = 1310;
				LastUpgradeCheck = 1310;
				TargetAttributes = {
					84478880276F3E4600D3577F = {
						CreatedOnToolsVersion = 13.1;
					};
				};
			};
			buildConfigurationList = 8447887C276F3E4600D3577F /* Build configuration list for PBXProject "VK_App" */;
			compatibilityVersion = "Xcode 13.0";
			developmentRegion = en;
			hasScannedForEncodings = 0;
			knownRegions = (
				en,
				Base,
			);
			mainGroup = 84478878276F3E4600D3577F;
			productRefGroup = 84478882276F3E4600D3577F /* Products */;
			projectDirPath = "";
			projectRoot = "";
			targets = (
				84478880276F3E4600D3577F /* VK_App */,
			);
		};
/* End PBXProject section */

/* Begin PBXResourcesBuildPhase section */
		8447887F276F3E4600D3577F /* Resources */ = {
			isa = PBXResourcesBuildPhase;
			buildActionMask = 2147483647;
			files = (
				8448D308280460CA00FD0469 /* NewsTableFooter.xib in Resources */,
				84118C9B279932FD001DEC84 /* NewsTextTableCell.xib in Resources */,
				84A5768227787785004361BE /* GroupsTableViewCell.xib in Resources */,
				84843CCC27AF9ACC00469904 /* ManyPicturesTableCell.xib in Resources */,
				84118C9F2799331F001DEC84 /* NewsPictureTableCell.xib in Resources */,
				84118CA5279972A9001DEC84 /* NewsTitleTableCell.xib in Resources */,
				84A5768A2778A8BC004361BE /* UserPhotoCollectionViewCell.xib in Resources */,
				8448D30A2804650B00FD0469 /* NewsTableHeader.xib in Resources */,
				84478891276F3E4600D3577F /* LaunchScreen.storyboard in Resources */,
				8447888E276F3E4600D3577F /* Assets.xcassets in Resources */,
				84A5768E2778A8E3004361BE /* UserTableViewCell.xib in Resources */,
				84843CD227AF9CB200469904 /* NewsPhotoCollectionCell.xib in Resources */,
				8447888C276F3E4600D3577F /* Main.storyboard in Resources */,
			);
			runOnlyForDeploymentPostprocessing = 0;
		};
/* End PBXResourcesBuildPhase section */

/* Begin PBXShellScriptBuildPhase section */
		2775EA166E314789D46805F5 /* [CP] Embed Pods Frameworks */ = {
			isa = PBXShellScriptBuildPhase;
			buildActionMask = 2147483647;
			files = (
			);
			inputFileListPaths = (
				"${PODS_ROOT}/Target Support Files/Pods-VK_App/Pods-VK_App-frameworks-${CONFIGURATION}-input-files.xcfilelist",
			);
			name = "[CP] Embed Pods Frameworks";
			outputFileListPaths = (
				"${PODS_ROOT}/Target Support Files/Pods-VK_App/Pods-VK_App-frameworks-${CONFIGURATION}-output-files.xcfilelist",
			);
			runOnlyForDeploymentPostprocessing = 0;
			shellPath = /bin/sh;
			shellScript = "\"${PODS_ROOT}/Target Support Files/Pods-VK_App/Pods-VK_App-frameworks.sh\"\n";
			showEnvVarsInLog = 0;
		};
		B5951EA0D9E68E8E01F3BB2F /* [CP] Check Pods Manifest.lock */ = {
			isa = PBXShellScriptBuildPhase;
			buildActionMask = 2147483647;
			files = (
			);
			inputFileListPaths = (
			);
			inputPaths = (
				"${PODS_PODFILE_DIR_PATH}/Podfile.lock",
				"${PODS_ROOT}/Manifest.lock",
			);
			name = "[CP] Check Pods Manifest.lock";
			outputFileListPaths = (
			);
			outputPaths = (
				"$(DERIVED_FILE_DIR)/Pods-VK_App-checkManifestLockResult.txt",
			);
			runOnlyForDeploymentPostprocessing = 0;
			shellPath = /bin/sh;
			shellScript = "diff \"${PODS_PODFILE_DIR_PATH}/Podfile.lock\" \"${PODS_ROOT}/Manifest.lock\" > /dev/null\nif [ $? != 0 ] ; then\n    # print error to STDERR\n    echo \"error: The sandbox is not in sync with the Podfile.lock. Run 'pod install' or update your CocoaPods installation.\" >&2\n    exit 1\nfi\n# This output is used by Xcode 'outputs' to avoid re-running this script phase.\necho \"SUCCESS\" > \"${SCRIPT_OUTPUT_FILE_0}\"\n";
			showEnvVarsInLog = 0;
		};
/* End PBXShellScriptBuildPhase section */

/* Begin PBXSourcesBuildPhase section */
		8447887D276F3E4600D3577F /* Sources */ = {
			isa = PBXSourcesBuildPhase;
			buildActionMask = 2147483647;
			files = (
				84118C8F2796F7F9001DEC84 /* NewsModel.swift in Sources */,
				84A5768127787785004361BE /* GroupsTableViewCell.swift in Sources */,
				840B1E5F27A83E41004A1FAD /* CustomSegue.swift in Sources */,
				84DBCE5827C1412C0085D92C /* PhotoResponse.swift in Sources */,
				84A5768627787C9E004361BE /* GroupModel.swift in Sources */,
				84AFB39228008CD9006D3D54 /* NewsResponse.swift in Sources */,
				842B744B27CB4BE800D8F0E2 /* RealmService.swift in Sources */,
				84843CCB27AF9ACC00469904 /* ManyPicturesTableCell.swift in Sources */,
				84AFB39F28009184006D3D54 /* NewsPhotos.swift in Sources */,
				842B745527CF2CAA00D8F0E2 /* VKResponse.swift in Sources */,
				84AFB39728008D2E006D3D54 /* NewsData.swift in Sources */,
				84DBCE5A27C142280085D92C /* PhotoData.swift in Sources */,
				84A5767527739109004361BE /* PhotoCollectionViewController.swift in Sources */,
				84118C97279932C9001DEC84 /* NewsTableFooter.swift in Sources */,
				84A5767927739160004361BE /* FindGroupsTableViewController.swift in Sources */,
				840B1E6B27ABE997004A1FAD /* NavigationViewRotationForwardAnimator.swift in Sources */,
				84118C9E2799331F001DEC84 /* NewsPictureTableCell.swift in Sources */,
				84843CD127AF9CB200469904 /* NewsPhotoCollectionCell.swift in Sources */,
				84118CAF279E8BB9001DEC84 /* LoadingScreenVC.swift in Sources */,
				847B322527B7B1F000D534B2 /* SessionSingleton.swift in Sources */,
				840B1E6127AB093F004A1FAD /* Animators.swift in Sources */,
				84A5768D2778A8E3004361BE /* UserTableViewCell.swift in Sources */,
				84118CB127A19621001DEC84 /* CurrentUserPhotoVC.swift in Sources */,
				84AFB3A32801B7BE006D3D54 /* NewsAttachments.swift in Sources */,
				84DBCE6027C261810085D92C /* GroupItems.swift in Sources */,
				8448D30E280A9B3200FD0469 /* Operations.swift in Sources */,
				840B1E6927ABCA97004A1FAD /* CustomNavigationController.swift in Sources */,
				84DBCE6427C417250085D92C /* PhotoItems.swift in Sources */,
				84478889276F3E4600D3577F /* LoginScreenViewController.swift in Sources */,
				842B744F27CB4EAB00D8F0E2 /* RealmFriends.swift in Sources */,
				840B1E6527ABBFCE004A1FAD /* NavigationViewAnimator.swift in Sources */,
				84AFB39B28008FE5006D3D54 /* NewsLikes.swift in Sources */,
				84118C9A279932FD001DEC84 /* NewsTextTableCell.swift in Sources */,
				84DBCE5327C13B4B0085D92C /* FriendResponse.swift in Sources */,
				84E38B3327BEC5FC00877E42 /* NetworkService.swift in Sources */,
				84118C8D2796F7BE001DEC84 /* NewsTableViewController.swift in Sources */,
				84DBCE5C27C143B50085D92C /* PhotoSize.swift in Sources */,
				840B1E6E27ABEA83004A1FAD /* NavigationViewRotationBackwardAnimation.swift in Sources */,
				840B1E7027ABF1EF004A1FAD /* CustomInteractiveTransition.swift in Sources */,
				84478885276F3E4600D3577F /* AppDelegate.swift in Sources */,
				84A57673277390D8004361BE /* FriendsTableViewController.swift in Sources */,
				84A5767727739141004361BE /* UserGroupsTableViewController.swift in Sources */,
				84118C95279932B6001DEC84 /* NewsTableHeader.swift in Sources */,
				84DBCE6227C3D1160085D92C /* GroupData.swift in Sources */,
				84E38B3027BCDA2D00877E42 /* VKLoginVC.swift in Sources */,
				84AFB3A52801B978006D3D54 /* NewsLink.swift in Sources */,
				840B1E6727ABC6A8004A1FAD /* NavigationViewBackwardAnimator.swift in Sources */,
				84DBCE5E27C259DD0085D92C /* FriendItems.swift in Sources */,
				84DBCE5127C135BD0085D92C /* FriendData.swift in Sources */,
				84A5768427787C42004361BE /* UserModel.swift in Sources */,
				84843CD527AFA63800469904 /* CustomCollectionLayout.swift in Sources */,
				84AFB39528008D24006D3D54 /* NewsItems.swift in Sources */,
				84A576892778A8BC004361BE /* UserPhotoCollectionViewCell.swift in Sources */,
				84AFB39D2800907A006D3D54 /* NewsReposts.swift in Sources */,
				842B745327CB501000D8F0E2 /* RealmPhotos.swift in Sources */,
				84DBCE5527C13E9D0085D92C /* GroupResponse.swift in Sources */,
				842B745127CB4FF000D8F0E2 /* RealmGroups.swift in Sources */,
				84478887276F3E4600D3577F /* SceneDelegate.swift in Sources */,
				84AFB39928008ECE006D3D54 /* NewsComments.swift in Sources */,
				84118CA4279972A9001DEC84 /* NewsTitleTableCell.swift in Sources */,
			);
			runOnlyForDeploymentPostprocessing = 0;
		};
/* End PBXSourcesBuildPhase section */

/* Begin PBXVariantGroup section */
		8447888A276F3E4600D3577F /* Main.storyboard */ = {
			isa = PBXVariantGroup;
			children = (
				8447888B276F3E4600D3577F /* Base */,
			);
			name = Main.storyboard;
			sourceTree = "<group>";
		};
		8447888F276F3E4600D3577F /* LaunchScreen.storyboard */ = {
			isa = PBXVariantGroup;
			children = (
				84478890276F3E4600D3577F /* Base */,
			);
			name = LaunchScreen.storyboard;
			sourceTree = "<group>";
		};
/* End PBXVariantGroup section */

/* Begin XCBuildConfiguration section */
		84478893276F3E4600D3577F /* Debug */ = {
			isa = XCBuildConfiguration;
			buildSettings = {
				ALWAYS_SEARCH_USER_PATHS = NO;
				CLANG_ANALYZER_NONNULL = YES;
				CLANG_ANALYZER_NUMBER_OBJECT_CONVERSION = YES_AGGRESSIVE;
				CLANG_CXX_LANGUAGE_STANDARD = "gnu++17";
				CLANG_CXX_LIBRARY = "libc++";
				CLANG_ENABLE_MODULES = YES;
				CLANG_ENABLE_OBJC_ARC = YES;
				CLANG_ENABLE_OBJC_WEAK = YES;
				CLANG_WARN_BLOCK_CAPTURE_AUTORELEASING = YES;
				CLANG_WARN_BOOL_CONVERSION = YES;
				CLANG_WARN_COMMA = YES;
				CLANG_WARN_CONSTANT_CONVERSION = YES;
				CLANG_WARN_DEPRECATED_OBJC_IMPLEMENTATIONS = YES;
				CLANG_WARN_DIRECT_OBJC_ISA_USAGE = YES_ERROR;
				CLANG_WARN_DOCUMENTATION_COMMENTS = YES;
				CLANG_WARN_EMPTY_BODY = YES;
				CLANG_WARN_ENUM_CONVERSION = YES;
				CLANG_WARN_INFINITE_RECURSION = YES;
				CLANG_WARN_INT_CONVERSION = YES;
				CLANG_WARN_NON_LITERAL_NULL_CONVERSION = YES;
				CLANG_WARN_OBJC_IMPLICIT_RETAIN_SELF = YES;
				CLANG_WARN_OBJC_LITERAL_CONVERSION = YES;
				CLANG_WARN_OBJC_ROOT_CLASS = YES_ERROR;
				CLANG_WARN_QUOTED_INCLUDE_IN_FRAMEWORK_HEADER = YES;
				CLANG_WARN_RANGE_LOOP_ANALYSIS = YES;
				CLANG_WARN_STRICT_PROTOTYPES = YES;
				CLANG_WARN_SUSPICIOUS_MOVE = YES;
				CLANG_WARN_UNGUARDED_AVAILABILITY = YES_AGGRESSIVE;
				CLANG_WARN_UNREACHABLE_CODE = YES;
				CLANG_WARN__DUPLICATE_METHOD_MATCH = YES;
				COPY_PHASE_STRIP = NO;
				DEBUG_INFORMATION_FORMAT = dwarf;
				ENABLE_STRICT_OBJC_MSGSEND = YES;
				ENABLE_TESTABILITY = YES;
				GCC_C_LANGUAGE_STANDARD = gnu11;
				GCC_DYNAMIC_NO_PIC = NO;
				GCC_NO_COMMON_BLOCKS = YES;
				GCC_OPTIMIZATION_LEVEL = 0;
				GCC_PREPROCESSOR_DEFINITIONS = (
					"DEBUG=1",
					"$(inherited)",
				);
				GCC_WARN_64_TO_32_BIT_CONVERSION = YES;
				GCC_WARN_ABOUT_RETURN_TYPE = YES_ERROR;
				GCC_WARN_UNDECLARED_SELECTOR = YES;
				GCC_WARN_UNINITIALIZED_AUTOS = YES_AGGRESSIVE;
				GCC_WARN_UNUSED_FUNCTION = YES;
				GCC_WARN_UNUSED_VARIABLE = YES;
				IPHONEOS_DEPLOYMENT_TARGET = 15.0;
				MTL_ENABLE_DEBUG_INFO = INCLUDE_SOURCE;
				MTL_FAST_MATH = YES;
				ONLY_ACTIVE_ARCH = YES;
				SDKROOT = iphoneos;
				SWIFT_ACTIVE_COMPILATION_CONDITIONS = DEBUG;
				SWIFT_OPTIMIZATION_LEVEL = "-Onone";
			};
			name = Debug;
		};
		84478894276F3E4600D3577F /* Release */ = {
			isa = XCBuildConfiguration;
			buildSettings = {
				ALWAYS_SEARCH_USER_PATHS = NO;
				CLANG_ANALYZER_NONNULL = YES;
				CLANG_ANALYZER_NUMBER_OBJECT_CONVERSION = YES_AGGRESSIVE;
				CLANG_CXX_LANGUAGE_STANDARD = "gnu++17";
				CLANG_CXX_LIBRARY = "libc++";
				CLANG_ENABLE_MODULES = YES;
				CLANG_ENABLE_OBJC_ARC = YES;
				CLANG_ENABLE_OBJC_WEAK = YES;
				CLANG_WARN_BLOCK_CAPTURE_AUTORELEASING = YES;
				CLANG_WARN_BOOL_CONVERSION = YES;
				CLANG_WARN_COMMA = YES;
				CLANG_WARN_CONSTANT_CONVERSION = YES;
				CLANG_WARN_DEPRECATED_OBJC_IMPLEMENTATIONS = YES;
				CLANG_WARN_DIRECT_OBJC_ISA_USAGE = YES_ERROR;
				CLANG_WARN_DOCUMENTATION_COMMENTS = YES;
				CLANG_WARN_EMPTY_BODY = YES;
				CLANG_WARN_ENUM_CONVERSION = YES;
				CLANG_WARN_INFINITE_RECURSION = YES;
				CLANG_WARN_INT_CONVERSION = YES;
				CLANG_WARN_NON_LITERAL_NULL_CONVERSION = YES;
				CLANG_WARN_OBJC_IMPLICIT_RETAIN_SELF = YES;
				CLANG_WARN_OBJC_LITERAL_CONVERSION = YES;
				CLANG_WARN_OBJC_ROOT_CLASS = YES_ERROR;
				CLANG_WARN_QUOTED_INCLUDE_IN_FRAMEWORK_HEADER = YES;
				CLANG_WARN_RANGE_LOOP_ANALYSIS = YES;
				CLANG_WARN_STRICT_PROTOTYPES = YES;
				CLANG_WARN_SUSPICIOUS_MOVE = YES;
				CLANG_WARN_UNGUARDED_AVAILABILITY = YES_AGGRESSIVE;
				CLANG_WARN_UNREACHABLE_CODE = YES;
				CLANG_WARN__DUPLICATE_METHOD_MATCH = YES;
				COPY_PHASE_STRIP = NO;
				DEBUG_INFORMATION_FORMAT = "dwarf-with-dsym";
				ENABLE_NS_ASSERTIONS = NO;
				ENABLE_STRICT_OBJC_MSGSEND = YES;
				GCC_C_LANGUAGE_STANDARD = gnu11;
				GCC_NO_COMMON_BLOCKS = YES;
				GCC_WARN_64_TO_32_BIT_CONVERSION = YES;
				GCC_WARN_ABOUT_RETURN_TYPE = YES_ERROR;
				GCC_WARN_UNDECLARED_SELECTOR = YES;
				GCC_WARN_UNINITIALIZED_AUTOS = YES_AGGRESSIVE;
				GCC_WARN_UNUSED_FUNCTION = YES;
				GCC_WARN_UNUSED_VARIABLE = YES;
				IPHONEOS_DEPLOYMENT_TARGET = 15.0;
				MTL_ENABLE_DEBUG_INFO = NO;
				MTL_FAST_MATH = YES;
				SDKROOT = iphoneos;
				SWIFT_COMPILATION_MODE = wholemodule;
				SWIFT_OPTIMIZATION_LEVEL = "-O";
				VALIDATE_PRODUCT = YES;
			};
			name = Release;
		};
		84478896276F3E4600D3577F /* Debug */ = {
			isa = XCBuildConfiguration;
			baseConfigurationReference = B5702C7BDE29B66B8E5D528D /* Pods-VK_App.debug.xcconfig */;
			buildSettings = {
				ASSETCATALOG_COMPILER_APPICON_NAME = AppIcon;
				ASSETCATALOG_COMPILER_GLOBAL_ACCENT_COLOR_NAME = AccentColor;
				CODE_SIGN_STYLE = Automatic;
				CURRENT_PROJECT_VERSION = 1;
				DEVELOPMENT_TEAM = 3JL4VHZJLR;
				GENERATE_INFOPLIST_FILE = YES;
				INFOPLIST_FILE = VK_App/Info.plist;
				INFOPLIST_KEY_UIApplicationSupportsIndirectInputEvents = YES;
				INFOPLIST_KEY_UILaunchStoryboardName = LaunchScreen;
				INFOPLIST_KEY_UIMainStoryboardFile = Main;
				INFOPLIST_KEY_UISupportedInterfaceOrientations_iPad = "UIInterfaceOrientationPortrait UIInterfaceOrientationPortraitUpsideDown UIInterfaceOrientationLandscapeLeft UIInterfaceOrientationLandscapeRight";
				INFOPLIST_KEY_UISupportedInterfaceOrientations_iPhone = "UIInterfaceOrientationPortrait UIInterfaceOrientationLandscapeLeft UIInterfaceOrientationLandscapeRight";
				LD_RUNPATH_SEARCH_PATHS = (
					"$(inherited)",
					"@executable_path/Frameworks",
				);
				MARKETING_VERSION = 1.0;
				PRODUCT_BUNDLE_IDENTIFIER = "mertensoid.VK-App";
				PRODUCT_NAME = "$(TARGET_NAME)";
				SWIFT_EMIT_LOC_STRINGS = YES;
				SWIFT_VERSION = 5.0;
				TARGETED_DEVICE_FAMILY = "1,2";
			};
			name = Debug;
		};
		84478897276F3E4600D3577F /* Release */ = {
			isa = XCBuildConfiguration;
			baseConfigurationReference = 2087F9D7B518204DC7F6888D /* Pods-VK_App.release.xcconfig */;
			buildSettings = {
				ASSETCATALOG_COMPILER_APPICON_NAME = AppIcon;
				ASSETCATALOG_COMPILER_GLOBAL_ACCENT_COLOR_NAME = AccentColor;
				CODE_SIGN_STYLE = Automatic;
				CURRENT_PROJECT_VERSION = 1;
				DEVELOPMENT_TEAM = 3JL4VHZJLR;
				GENERATE_INFOPLIST_FILE = YES;
				INFOPLIST_FILE = VK_App/Info.plist;
				INFOPLIST_KEY_UIApplicationSupportsIndirectInputEvents = YES;
				INFOPLIST_KEY_UILaunchStoryboardName = LaunchScreen;
				INFOPLIST_KEY_UIMainStoryboardFile = Main;
				INFOPLIST_KEY_UISupportedInterfaceOrientations_iPad = "UIInterfaceOrientationPortrait UIInterfaceOrientationPortraitUpsideDown UIInterfaceOrientationLandscapeLeft UIInterfaceOrientationLandscapeRight";
				INFOPLIST_KEY_UISupportedInterfaceOrientations_iPhone = "UIInterfaceOrientationPortrait UIInterfaceOrientationLandscapeLeft UIInterfaceOrientationLandscapeRight";
				LD_RUNPATH_SEARCH_PATHS = (
					"$(inherited)",
					"@executable_path/Frameworks",
				);
				MARKETING_VERSION = 1.0;
				PRODUCT_BUNDLE_IDENTIFIER = "mertensoid.VK-App";
				PRODUCT_NAME = "$(TARGET_NAME)";
				SWIFT_EMIT_LOC_STRINGS = YES;
				SWIFT_VERSION = 5.0;
				TARGETED_DEVICE_FAMILY = "1,2";
			};
			name = Release;
		};
/* End XCBuildConfiguration section */

/* Begin XCConfigurationList section */
		8447887C276F3E4600D3577F /* Build configuration list for PBXProject "VK_App" */ = {
			isa = XCConfigurationList;
			buildConfigurations = (
				84478893276F3E4600D3577F /* Debug */,
				84478894276F3E4600D3577F /* Release */,
			);
			defaultConfigurationIsVisible = 0;
			defaultConfigurationName = Release;
		};
		84478895276F3E4600D3577F /* Build configuration list for PBXNativeTarget "VK_App" */ = {
			isa = XCConfigurationList;
			buildConfigurations = (
				84478896276F3E4600D3577F /* Debug */,
				84478897276F3E4600D3577F /* Release */,
			);
			defaultConfigurationIsVisible = 0;
			defaultConfigurationName = Release;
		};
/* End XCConfigurationList section */
	};
	rootObject = 84478879276F3E4600D3577F /* Project object */;
}
